{
  "name": "coco",
  "version": "1.0.0",
  "lockfileVersion": 3,
  "requires": true,
  "packages": {
    "": {
      "name": "coco",
      "version": "1.0.0",
      "license": "MIT",
      "dependencies": {
        "@types/cookie": "^0.6.0",
        "cookie": "^0.6.0",
        "path-to-regexp": "^6.2.1"
      },
      "devDependencies": {
        "@types/node": "^18.19.3"
      },
      "peerDependencies": {
        "zod": "^3.22.4"
      }
    },
    "node_modules/@types/cookie": {
      "version": "0.6.0",
      "resolved": "https://registry.npmjs.org/@types/cookie/-/cookie-0.6.0.tgz",
      "integrity": "sha512-4Kh9a6B2bQciAhf7FSuMRRkUWecJgJu9nPnx3yzpsfXX/c50REIqpHY4C82bXP90qrLtXtkDxTZosYO3UpOwlA=="
    },
    "node_modules/@types/node": {
      "version": "18.19.3",
      "resolved": "https://registry.npmjs.org/@types/node/-/node-18.19.3.tgz",
      "integrity": "sha512-k5fggr14DwAytoA/t8rPrIz++lXK7/DqckthCmoZOKNsEbJkId4Z//BqgApXBUGrGddrigYa1oqheo/7YmW4rg==",
      "dev": true,
      "dependencies": {
        "undici-types": "~5.26.4"
      }
    },
    "node_modules/cookie": {
      "version": "0.6.0",
      "resolved": "https://registry.npmjs.org/cookie/-/cookie-0.6.0.tgz",
      "integrity": "sha512-U71cyTamuh1CRNCfpGY6to28lxvNwPG4Guz/EVjgf3Jmzv0vlDp1atT9eS5dDjMYHucpHbWns6Lwf3BKz6svdw==",
      "engines": {
        "node": ">= 0.6"
      }
    },
    "node_modules/path-to-regexp": {
      "version": "6.2.1",
      "resolved": "https://registry.npmjs.org/path-to-regexp/-/path-to-regexp-6.2.1.tgz",
      "integrity": "sha512-JLyh7xT1kizaEvcaXOQwOc2/Yhw6KZOvPf1S8401UyLk86CU79LN3vl7ztXGm/pZ+YjoyAJ4rxmHwbkBXJX+yw=="
    },
    "node_modules/undici-types": {
      "version": "5.26.5",
      "resolved": "https://registry.npmjs.org/undici-types/-/undici-types-5.26.5.tgz",
      "integrity": "sha512-JlCMO+ehdEIKqlFxk6IfVoAUVmgz7cU7zD/h9XZ0qzeosSHmUJVOzSQvvYSYWXkFXC+IfLKSIffhv0sVZup6pA==",
      "dev": true
    },
    "node_modules/zod": {
      "version": "3.22.4",
      "resolved": "https://registry.npmjs.org/zod/-/zod-3.22.4.tgz",
      "integrity": "sha512-iC+8Io04lddc+mVqQ9AZ7OQ2MrUKGN+oIQyq1vemgt46jwCwLfhq7/pwnBnNXXXZb8VTVLKwp9EDkx+ryxIWmg==",
      "peer": true,
      "funding": {
        "url": "https://github.com/sponsors/colinhacks"
      }
    }
  }
}
